// !$*UTF8*$!
{
	archiveVersion = 1;
	classes = {
	};
	objectVersion = 48;
	objects = {

/* Begin PBXBuildFile section */
		FC356B521FF702FC007A19A2 /* LibreOfficeKitIOS.framework in Frameworks */ = {isa = PBXBuildFile; fileRef = FC356B481FF702FC007A19A2 /* LibreOfficeKitIOS.framework */; };
		FC356B571FF702FC007A19A2 /* LibreOfficeKitIOSTests.swift in Sources */ = {isa = PBXBuildFile; fileRef = FC356B561FF702FC007A19A2 /* LibreOfficeKitIOSTests.swift */; };
		FC356B591FF702FC007A19A2 /* LibreOfficeKitIOS.h in Headers */ = {isa = PBXBuildFile; fileRef = FC356B4B1FF702FC007A19A2 /* LibreOfficeKitIOS.h */; settings = {ATTRIBUTES = (Public, ); }; };
		FC356B641FF7038D007A19A2 /* libz.tbd in Frameworks */ = {isa = PBXBuildFile; fileRef = FC356B631FF7038D007A19A2 /* libz.tbd */; };
		FC356B661FF70395007A19A2 /* libc++.tbd in Frameworks */ = {isa = PBXBuildFile; fileRef = FC356B651FF70395007A19A2 /* libc++.tbd */; };
		FC356B681FF703B5007A19A2 /* libiconv.tbd in Frameworks */ = {isa = PBXBuildFile; fileRef = FC356B671FF703B5007A19A2 /* libiconv.tbd */; };
		FC356B6A1FF703C1007A19A2 /* libKit_X86_64_debug.a in Frameworks */ = {isa = PBXBuildFile; fileRef = FC356B691FF703C1007A19A2 /* libKit_X86_64_debug.a */; };
		FC356B721FF706A3007A19A2 /* LibreOfficeKitWrapper.swift in Sources */ = {isa = PBXBuildFile; fileRef = FC356B711FF706A3007A19A2 /* LibreOfficeKitWrapper.swift */; };
		FC356B751FF70C2B007A19A2 /* private.h in Headers */ = {isa = PBXBuildFile; fileRef = FC356B701FF7065D007A19A2 /* private.h */; settings = {ATTRIBUTES = (Public, ); }; };
		FC6B747F1FF7121A00D4A08C /* LibreOfficeKit.h in Headers */ = {isa = PBXBuildFile; fileRef = FC6B74791FF7121A00D4A08C /* LibreOfficeKit.h */; };
		FC6B74801FF7121A00D4A08C /* LibreOfficeKit.hxx in Headers */ = {isa = PBXBuildFile; fileRef = FC6B747A1FF7121A00D4A08C /* LibreOfficeKit.hxx */; };
		FC6B74811FF7121A00D4A08C /* LibreOfficeKitEnums.h in Headers */ = {isa = PBXBuildFile; fileRef = FC6B747B1FF7121A00D4A08C /* LibreOfficeKitEnums.h */; };
		FC6B74821FF7121A00D4A08C /* LibreOfficeKitGtk.h in Headers */ = {isa = PBXBuildFile; fileRef = FC6B747C1FF7121A00D4A08C /* LibreOfficeKitGtk.h */; };
		FC6B74831FF7121A00D4A08C /* LibreOfficeKitInit.h in Headers */ = {isa = PBXBuildFile; fileRef = FC6B747D1FF7121A00D4A08C /* LibreOfficeKitInit.h */; };
		FC6B74841FF7121A00D4A08C /* LibreOfficeKitTypes.h in Headers */ = {isa = PBXBuildFile; fileRef = FC6B747E1FF7121A00D4A08C /* LibreOfficeKitTypes.h */; };
		FCFCAC2F1FF85BFD002E5865 /* fundamentalrc in Resources */ = {isa = PBXBuildFile; fileRef = FCFCA6271FF85BFA002E5865 /* fundamentalrc */; };
		FCFCAC301FF85BFD002E5865 /* icudt60l.dat in Resources */ = {isa = PBXBuildFile; fileRef = FCFCA6281FF85BFA002E5865 /* icudt60l.dat */; };
		FCFCAC311FF85BFD002E5865 /* offapi.rdb in Resources */ = {isa = PBXBuildFile; fileRef = FCFCA6291FF85BFA002E5865 /* offapi.rdb */; };
		FCFCAC321FF85BFD002E5865 /* oovbaapi.rdb in Resources */ = {isa = PBXBuildFile; fileRef = FCFCA62A1FF85BFA002E5865 /* oovbaapi.rdb */; };
		FCFCAC351FF85BFD002E5865 /* rc in Resources */ = {isa = PBXBuildFile; fileRef = FCFCA62E1FF85BFA002E5865 /* rc */; };
		FCFCAC371FF85BFD002E5865 /* services.rdb in Resources */ = {isa = PBXBuildFile; fileRef = FCFCA6311FF85BFA002E5865 /* services.rdb */; };
		FCFCB1D61FF85C00002E5865 /* udkapi.rdb in Resources */ = {isa = PBXBuildFile; fileRef = FCFCAC2D1FF85BFD002E5865 /* udkapi.rdb */; };
		FCFCB1D71FF85C00002E5865 /* unorc in Resources */ = {isa = PBXBuildFile; fileRef = FCFCAC2E1FF85BFD002E5865 /* unorc */; };
		FCFCB1DB1FF85C24002E5865 /* program in Resources */ = {isa = PBXBuildFile; fileRef = FCFCB1D81FF85C24002E5865 /* program */; };
		FCFCB1DC1FF85C24002E5865 /* services in Resources */ = {isa = PBXBuildFile; fileRef = FCFCB1D91FF85C24002E5865 /* services */; };
		FCFCB1DD1FF85C24002E5865 /* share in Resources */ = {isa = PBXBuildFile; fileRef = FCFCB1DA1FF85C24002E5865 /* share */; };
		FCFCB1DF1FF8E38B002E5865 /* test-page-format.docx in Resources */ = {isa = PBXBuildFile; fileRef = FCFCB1DE1FF8E38B002E5865 /* test-page-format.docx */; };
		FCFCB1E11FF8E874002E5865 /* Document.swift in Sources */ = {isa = PBXBuildFile; fileRef = FCFCB1E01FF8E874002E5865 /* Document.swift */; };
/* End PBXBuildFile section */

/* Begin PBXContainerItemProxy section */
		FC356B531FF702FC007A19A2 /* PBXContainerItemProxy */ = {
			isa = PBXContainerItemProxy;
			containerPortal = FC356B3F1FF702FC007A19A2 /* Project object */;
			proxyType = 1;
			remoteGlobalIDString = FC356B471FF702FC007A19A2;
			remoteInfo = LibreOfficeKitIOS;
		};
/* End PBXContainerItemProxy section */

/* Begin PBXFileReference section */
		FC356B481FF702FC007A19A2 /* LibreOfficeKitIOS.framework */ = {isa = PBXFileReference; explicitFileType = wrapper.framework; includeInIndex = 0; path = LibreOfficeKitIOS.framework; sourceTree = BUILT_PRODUCTS_DIR; };
		FC356B4B1FF702FC007A19A2 /* LibreOfficeKitIOS.h */ = {isa = PBXFileReference; lastKnownFileType = sourcecode.c.h; path = LibreOfficeKitIOS.h; sourceTree = "<group>"; };
		FC356B4C1FF702FC007A19A2 /* Info.plist */ = {isa = PBXFileReference; lastKnownFileType = text.plist.xml; path = Info.plist; sourceTree = "<group>"; };
		FC356B511FF702FC007A19A2 /* LibreOfficeKitIOSTests.xctest */ = {isa = PBXFileReference; explicitFileType = wrapper.cfbundle; includeInIndex = 0; path = LibreOfficeKitIOSTests.xctest; sourceTree = BUILT_PRODUCTS_DIR; };
		FC356B561FF702FC007A19A2 /* LibreOfficeKitIOSTests.swift */ = {isa = PBXFileReference; lastKnownFileType = sourcecode.swift; path = LibreOfficeKitIOSTests.swift; sourceTree = "<group>"; };
		FC356B581FF702FC007A19A2 /* Info.plist */ = {isa = PBXFileReference; lastKnownFileType = text.plist.xml; path = Info.plist; sourceTree = "<group>"; };
		FC356B631FF7038D007A19A2 /* libz.tbd */ = {isa = PBXFileReference; lastKnownFileType = "sourcecode.text-based-dylib-definition"; name = libz.tbd; path = usr/lib/libz.tbd; sourceTree = SDKROOT; };
		FC356B651FF70395007A19A2 /* libc++.tbd */ = {isa = PBXFileReference; lastKnownFileType = "sourcecode.text-based-dylib-definition"; name = "libc++.tbd"; path = "usr/lib/libc++.tbd"; sourceTree = SDKROOT; };
		FC356B671FF703B5007A19A2 /* libiconv.tbd */ = {isa = PBXFileReference; lastKnownFileType = "sourcecode.text-based-dylib-definition"; name = libiconv.tbd; path = usr/lib/libiconv.tbd; sourceTree = SDKROOT; };
		FC356B691FF703C1007A19A2 /* libKit_X86_64_debug.a */ = {isa = PBXFileReference; lastKnownFileType = archive.ar; name = libKit_X86_64_debug.a; path = ../generated/libKit_X86_64_debug.a; sourceTree = "<group>"; };
		FC356B6F1FF705B7007A19A2 /* module.modulemap */ = {isa = PBXFileReference; lastKnownFileType = "sourcecode.module-map"; path = module.modulemap; sourceTree = "<group>"; };
		FC356B701FF7065D007A19A2 /* private.h */ = {isa = PBXFileReference; lastKnownFileType = sourcecode.c.h; path = private.h; sourceTree = "<group>"; };
		FC356B711FF706A3007A19A2 /* LibreOfficeKitWrapper.swift */ = {isa = PBXFileReference; lastKnownFileType = sourcecode.swift; path = LibreOfficeKitWrapper.swift; sourceTree = "<group>"; };
		FC6B74791FF7121A00D4A08C /* LibreOfficeKit.h */ = {isa = PBXFileReference; fileEncoding = 4; lastKnownFileType = sourcecode.c.h; path = LibreOfficeKit.h; sourceTree = "<group>"; };
		FC6B747A1FF7121A00D4A08C /* LibreOfficeKit.hxx */ = {isa = PBXFileReference; fileEncoding = 4; lastKnownFileType = sourcecode.cpp.h; path = LibreOfficeKit.hxx; sourceTree = "<group>"; };
		FC6B747B1FF7121A00D4A08C /* LibreOfficeKitEnums.h */ = {isa = PBXFileReference; fileEncoding = 4; lastKnownFileType = sourcecode.c.h; path = LibreOfficeKitEnums.h; sourceTree = "<group>"; };
		FC6B747C1FF7121A00D4A08C /* LibreOfficeKitGtk.h */ = {isa = PBXFileReference; fileEncoding = 4; lastKnownFileType = sourcecode.c.h; path = LibreOfficeKitGtk.h; sourceTree = "<group>"; };
		FC6B747D1FF7121A00D4A08C /* LibreOfficeKitInit.h */ = {isa = PBXFileReference; fileEncoding = 4; lastKnownFileType = sourcecode.c.h; path = LibreOfficeKitInit.h; sourceTree = "<group>"; };
		FC6B747E1FF7121A00D4A08C /* LibreOfficeKitTypes.h */ = {isa = PBXFileReference; fileEncoding = 4; lastKnownFileType = sourcecode.c.h; path = LibreOfficeKitTypes.h; sourceTree = "<group>"; };
		FCFCA6271FF85BFA002E5865 /* fundamentalrc */ = {isa = PBXFileReference; fileEncoding = 4; lastKnownFileType = text; path = fundamentalrc; sourceTree = "<group>"; };
		FCFCA6281FF85BFA002E5865 /* icudt60l.dat */ = {isa = PBXFileReference; lastKnownFileType = file; path = icudt60l.dat; sourceTree = "<group>"; };
		FCFCA6291FF85BFA002E5865 /* offapi.rdb */ = {isa = PBXFileReference; lastKnownFileType = file; path = offapi.rdb; sourceTree = "<group>"; };
		FCFCA62A1FF85BFA002E5865 /* oovbaapi.rdb */ = {isa = PBXFileReference; lastKnownFileType = file; path = oovbaapi.rdb; sourceTree = "<group>"; };
		FCFCA62E1FF85BFA002E5865 /* rc */ = {isa = PBXFileReference; fileEncoding = 4; lastKnownFileType = text; path = rc; sourceTree = "<group>"; };
		FCFCA6311FF85BFA002E5865 /* services.rdb */ = {isa = PBXFileReference; fileEncoding = 4; lastKnownFileType = text.xml; path = services.rdb; sourceTree = "<group>"; };
		FCFCAC2D1FF85BFD002E5865 /* udkapi.rdb */ = {isa = PBXFileReference; lastKnownFileType = file; path = udkapi.rdb; sourceTree = "<group>"; };
		FCFCAC2E1FF85BFD002E5865 /* unorc */ = {isa = PBXFileReference; fileEncoding = 4; lastKnownFileType = text; path = unorc; sourceTree = "<group>"; };
		FCFCB1D81FF85C24002E5865 /* program */ = {isa = PBXFileReference; lastKnownFileType = folder; path = program; sourceTree = "<group>"; };
		FCFCB1D91FF85C24002E5865 /* services */ = {isa = PBXFileReference; lastKnownFileType = folder; path = services; sourceTree = "<group>"; };
		FCFCB1DA1FF85C24002E5865 /* share */ = {isa = PBXFileReference; lastKnownFileType = folder; path = share; sourceTree = "<group>"; };
		FCFCB1DE1FF8E38B002E5865 /* test-page-format.docx */ = {isa = PBXFileReference; lastKnownFileType = file; name = "test-page-format.docx"; path = "../../../writerfilter/qa/documents/docx/test-page-format.docx"; sourceTree = "<group>"; };
		FCFCB1E01FF8E874002E5865 /* Document.swift */ = {isa = PBXFileReference; lastKnownFileType = sourcecode.swift; path = Document.swift; sourceTree = "<group>"; };
/* End PBXFileReference section */

/* Begin PBXFrameworksBuildPhase section */
		FC356B441FF702FC007A19A2 /* Frameworks */ = {
			isa = PBXFrameworksBuildPhase;
			buildActionMask = 2147483647;
			files = (
				FC356B6A1FF703C1007A19A2 /* libKit_X86_64_debug.a in Frameworks */,
				FC356B681FF703B5007A19A2 /* libiconv.tbd in Frameworks */,
				FC356B661FF70395007A19A2 /* libc++.tbd in Frameworks */,
				FC356B641FF7038D007A19A2 /* libz.tbd in Frameworks */,
			);
			runOnlyForDeploymentPostprocessing = 0;
		};
		FC356B4E1FF702FC007A19A2 /* Frameworks */ = {
			isa = PBXFrameworksBuildPhase;
			buildActionMask = 2147483647;
			files = (
				FC356B521FF702FC007A19A2 /* LibreOfficeKitIOS.framework in Frameworks */,
			);
			runOnlyForDeploymentPostprocessing = 0;
		};
/* End PBXFrameworksBuildPhase section */

/* Begin PBXGroup section */
		FC356B3E1FF702FC007A19A2 = {
			isa = PBXGroup;
			children = (
				FCFCA6261FF85BFA002E5865 /* resources */,
				FC356B621FF7038C007A19A2 /* Frameworks */,
				FC6B74781FF7121A00D4A08C /* LibreOfficeKit */,
				FC356B4A1FF702FC007A19A2 /* LibreOfficeKitIOS */,
				FC356B551FF702FC007A19A2 /* LibreOfficeKitIOSTests */,
				FC356B491FF702FC007A19A2 /* Products */,
				FC6CD05D1FF71A6400F772A7 /* ProjectModule */,
			);
			sourceTree = "<group>";
		};
		FC356B491FF702FC007A19A2 /* Products */ = {
			isa = PBXGroup;
			children = (
				FC356B481FF702FC007A19A2 /* LibreOfficeKitIOS.framework */,
				FC356B511FF702FC007A19A2 /* LibreOfficeKitIOSTests.xctest */,
			);
			name = Products;
			sourceTree = "<group>";
		};
		FC356B4A1FF702FC007A19A2 /* LibreOfficeKitIOS */ = {
			isa = PBXGroup;
			children = (
				FCFCB1E01FF8E874002E5865 /* Document.swift */,
				FC356B4C1FF702FC007A19A2 /* Info.plist */,
				FC356B4B1FF702FC007A19A2 /* LibreOfficeKitIOS.h */,
				FC356B711FF706A3007A19A2 /* LibreOfficeKitWrapper.swift */,
			);
			path = LibreOfficeKitIOS;
			sourceTree = "<group>";
		};
		FC356B551FF702FC007A19A2 /* LibreOfficeKitIOSTests */ = {
			isa = PBXGroup;
			children = (
				FCFCB1DE1FF8E38B002E5865 /* test-page-format.docx */,
				FC356B561FF702FC007A19A2 /* LibreOfficeKitIOSTests.swift */,
				FC356B581FF702FC007A19A2 /* Info.plist */,
			);
			path = LibreOfficeKitIOSTests;
			sourceTree = "<group>";
		};
		FC356B621FF7038C007A19A2 /* Frameworks */ = {
			isa = PBXGroup;
			children = (
				FC356B691FF703C1007A19A2 /* libKit_X86_64_debug.a */,
				FC356B671FF703B5007A19A2 /* libiconv.tbd */,
				FC356B651FF70395007A19A2 /* libc++.tbd */,
				FC356B631FF7038D007A19A2 /* libz.tbd */,
			);
			name = Frameworks;
			sourceTree = "<group>";
		};
		FC6B74781FF7121A00D4A08C /* LibreOfficeKit */ = {
			isa = PBXGroup;
			children = (
				FC6B74791FF7121A00D4A08C /* LibreOfficeKit.h */,
				FC6B747A1FF7121A00D4A08C /* LibreOfficeKit.hxx */,
				FC6B747B1FF7121A00D4A08C /* LibreOfficeKitEnums.h */,
				FC6B747C1FF7121A00D4A08C /* LibreOfficeKitGtk.h */,
				FC6B747D1FF7121A00D4A08C /* LibreOfficeKitInit.h */,
				FC6B747E1FF7121A00D4A08C /* LibreOfficeKitTypes.h */,
			);
			name = LibreOfficeKit;
			path = ../../include/LibreOfficeKit;
			sourceTree = "<group>";
		};
		FC6CD05D1FF71A6400F772A7 /* ProjectModule */ = {
			isa = PBXGroup;
			children = (
				FC356B701FF7065D007A19A2 /* private.h */,
				FC356B6F1FF705B7007A19A2 /* module.modulemap */,
			);
			path = ProjectModule;
			sourceTree = "<group>";
		};
		FCFCA6261FF85BFA002E5865 /* resources */ = {
			isa = PBXGroup;
			children = (
				FCFCB1D81FF85C24002E5865 /* program */,
				FCFCB1D91FF85C24002E5865 /* services */,
				FCFCB1DA1FF85C24002E5865 /* share */,
				FCFCA6271FF85BFA002E5865 /* fundamentalrc */,
				FCFCA6281FF85BFA002E5865 /* icudt60l.dat */,
				FCFCA6291FF85BFA002E5865 /* offapi.rdb */,
				FCFCA62A1FF85BFA002E5865 /* oovbaapi.rdb */,
				FCFCA62E1FF85BFA002E5865 /* rc */,
				FCFCA6311FF85BFA002E5865 /* services.rdb */,
				FCFCAC2D1FF85BFD002E5865 /* udkapi.rdb */,
				FCFCAC2E1FF85BFD002E5865 /* unorc */,
			);
			name = resources;
			path = ../generated/resources;
			sourceTree = "<group>";
		};
/* End PBXGroup section */

/* Begin PBXHeadersBuildPhase section */
		FC356B451FF702FC007A19A2 /* Headers */ = {
			isa = PBXHeadersBuildPhase;
			buildActionMask = 2147483647;
			files = (
				FC6B747F1FF7121A00D4A08C /* LibreOfficeKit.h in Headers */,
				FC356B591FF702FC007A19A2 /* LibreOfficeKitIOS.h in Headers */,
				FC6B74841FF7121A00D4A08C /* LibreOfficeKitTypes.h in Headers */,
				FC6B74801FF7121A00D4A08C /* LibreOfficeKit.hxx in Headers */,
				FC6B74821FF7121A00D4A08C /* LibreOfficeKitGtk.h in Headers */,
				FC6B74831FF7121A00D4A08C /* LibreOfficeKitInit.h in Headers */,
				FC6B74811FF7121A00D4A08C /* LibreOfficeKitEnums.h in Headers */,
				FC356B751FF70C2B007A19A2 /* private.h in Headers */,
			);
			runOnlyForDeploymentPostprocessing = 0;
		};
/* End PBXHeadersBuildPhase section */

/* Begin PBXNativeTarget section */
		FC356B471FF702FC007A19A2 /* LibreOfficeKitIOS */ = {
			isa = PBXNativeTarget;
			buildConfigurationList = FC356B5C1FF702FC007A19A2 /* Build configuration list for PBXNativeTarget "LibreOfficeKitIOS" */;
			buildPhases = (
				FC356B451FF702FC007A19A2 /* Headers */,
				FC356B431FF702FC007A19A2 /* Sources */,
				FC356B441FF702FC007A19A2 /* Frameworks */,
				FC356B461FF702FC007A19A2 /* Resources */,
			);
			buildRules = (
			);
			dependencies = (
			);
			name = LibreOfficeKitIOS;
			productName = LibreOfficeKitIOS;
			productReference = FC356B481FF702FC007A19A2 /* LibreOfficeKitIOS.framework */;
			productType = "com.apple.product-type.framework";
		};
		FC356B501FF702FC007A19A2 /* LibreOfficeKitIOSTests */ = {
			isa = PBXNativeTarget;
			buildConfigurationList = FC356B5F1FF702FC007A19A2 /* Build configuration list for PBXNativeTarget "LibreOfficeKitIOSTests" */;
			buildPhases = (
				FC356B4D1FF702FC007A19A2 /* Sources */,
				FC356B4E1FF702FC007A19A2 /* Frameworks */,
				FC356B4F1FF702FC007A19A2 /* Resources */,
			);
			buildRules = (
			);
			dependencies = (
				FC356B541FF702FC007A19A2 /* PBXTargetDependency */,
			);
			name = LibreOfficeKitIOSTests;
			productName = LibreOfficeKitIOSTests;
			productReference = FC356B511FF702FC007A19A2 /* LibreOfficeKitIOSTests.xctest */;
			productType = "com.apple.product-type.bundle.unit-test";
		};
/* End PBXNativeTarget section */

/* Begin PBXProject section */
		FC356B3F1FF702FC007A19A2 /* Project object */ = {
			isa = PBXProject;
			attributes = {
				LastSwiftUpdateCheck = 0920;
				LastUpgradeCheck = 0920;
				ORGANIZATIONNAME = LibreOffice;
				TargetAttributes = {
					FC356B471FF702FC007A19A2 = {
						CreatedOnToolsVersion = 9.2;
						LastSwiftMigration = 0920;
						ProvisioningStyle = Automatic;
					};
					FC356B501FF702FC007A19A2 = {
						CreatedOnToolsVersion = 9.2;
						ProvisioningStyle = Automatic;
					};
				};
			};
			buildConfigurationList = FC356B421FF702FC007A19A2 /* Build configuration list for PBXProject "LibreOfficeKitIOS" */;
			compatibilityVersion = "Xcode 8.0";
			developmentRegion = en;
			hasScannedForEncodings = 0;
			knownRegions = (
				en,
			);
			mainGroup = FC356B3E1FF702FC007A19A2;
			productRefGroup = FC356B491FF702FC007A19A2 /* Products */;
			projectDirPath = "";
			projectRoot = "";
			targets = (
				FC356B471FF702FC007A19A2 /* LibreOfficeKitIOS */,
				FC356B501FF702FC007A19A2 /* LibreOfficeKitIOSTests */,
			);
		};
/* End PBXProject section */

/* Begin PBXResourcesBuildPhase section */
		FC356B461FF702FC007A19A2 /* Resources */ = {
			isa = PBXResourcesBuildPhase;
			buildActionMask = 2147483647;
			files = (
				FCFCB1DD1FF85C24002E5865 /* share in Resources */,
				FCFCB1DB1FF85C24002E5865 /* program in Resources */,
				FCFCAC301FF85BFD002E5865 /* icudt60l.dat in Resources */,
				FCFCAC311FF85BFD002E5865 /* offapi.rdb in Resources */,
				FCFCB1D71FF85C00002E5865 /* unorc in Resources */,
				FCFCB1DC1FF85C24002E5865 /* services in Resources */,
				FCFCAC2F1FF85BFD002E5865 /* fundamentalrc in Resources */,
				FCFCAC371FF85BFD002E5865 /* services.rdb in Resources */,
				FCFCAC351FF85BFD002E5865 /* rc in Resources */,
				FCFCAC321FF85BFD002E5865 /* oovbaapi.rdb in Resources */,
				FCFCB1D61FF85C00002E5865 /* udkapi.rdb in Resources */,
			);
			runOnlyForDeploymentPostprocessing = 0;
		};
		FC356B4F1FF702FC007A19A2 /* Resources */ = {
			isa = PBXResourcesBuildPhase;
			buildActionMask = 2147483647;
			files = (
				FCFCB1DF1FF8E38B002E5865 /* test-page-format.docx in Resources */,
			);
			runOnlyForDeploymentPostprocessing = 0;
		};
/* End PBXResourcesBuildPhase section */

/* Begin PBXSourcesBuildPhase section */
		FC356B431FF702FC007A19A2 /* Sources */ = {
			isa = PBXSourcesBuildPhase;
			buildActionMask = 2147483647;
			files = (
				FCFCB1E11FF8E874002E5865 /* Document.swift in Sources */,
				FC356B721FF706A3007A19A2 /* LibreOfficeKitWrapper.swift in Sources */,
			);
			runOnlyForDeploymentPostprocessing = 0;
		};
		FC356B4D1FF702FC007A19A2 /* Sources */ = {
			isa = PBXSourcesBuildPhase;
			buildActionMask = 2147483647;
			files = (
				FC356B571FF702FC007A19A2 /* LibreOfficeKitIOSTests.swift in Sources */,
			);
			runOnlyForDeploymentPostprocessing = 0;
		};
/* End PBXSourcesBuildPhase section */

/* Begin PBXTargetDependency section */
		FC356B541FF702FC007A19A2 /* PBXTargetDependency */ = {
			isa = PBXTargetDependency;
			target = FC356B471FF702FC007A19A2 /* LibreOfficeKitIOS */;
			targetProxy = FC356B531FF702FC007A19A2 /* PBXContainerItemProxy */;
		};
/* End PBXTargetDependency section */

/* Begin XCBuildConfiguration section */
		FC356B5A1FF702FC007A19A2 /* Debug */ = {
			isa = XCBuildConfiguration;
			buildSettings = {
				ALWAYS_SEARCH_USER_PATHS = NO;
				CLANG_ALLOW_NON_MODULAR_INCLUDES_IN_FRAMEWORK_MODULES = YES;
				CLANG_ANALYZER_NONNULL = YES;
				CLANG_ANALYZER_NUMBER_OBJECT_CONVERSION = YES_AGGRESSIVE;
				CLANG_CXX_LANGUAGE_STANDARD = "gnu++14";
				CLANG_CXX_LIBRARY = "libc++";
				CLANG_ENABLE_MODULES = YES;
				CLANG_ENABLE_OBJC_ARC = YES;
				CLANG_WARN_BLOCK_CAPTURE_AUTORELEASING = YES;
				CLANG_WARN_BOOL_CONVERSION = YES;
				CLANG_WARN_COMMA = YES;
				CLANG_WARN_CONSTANT_CONVERSION = YES;
				CLANG_WARN_DIRECT_OBJC_ISA_USAGE = YES_ERROR;
				CLANG_WARN_DOCUMENTATION_COMMENTS = YES;
				CLANG_WARN_EMPTY_BODY = YES;
				CLANG_WARN_ENUM_CONVERSION = YES;
				CLANG_WARN_INFINITE_RECURSION = YES;
				CLANG_WARN_INT_CONVERSION = YES;
				CLANG_WARN_NON_LITERAL_NULL_CONVERSION = YES;
				CLANG_WARN_OBJC_LITERAL_CONVERSION = YES;
				CLANG_WARN_OBJC_ROOT_CLASS = YES_ERROR;
				CLANG_WARN_RANGE_LOOP_ANALYSIS = YES;
				CLANG_WARN_STRICT_PROTOTYPES = YES;
				CLANG_WARN_SUSPICIOUS_MOVE = YES;
				CLANG_WARN_UNGUARDED_AVAILABILITY = YES_AGGRESSIVE;
				CLANG_WARN_UNREACHABLE_CODE = YES;
				CLANG_WARN__DUPLICATE_METHOD_MATCH = YES;
				CODE_SIGN_IDENTITY = "iPhone Developer";
				COPY_PHASE_STRIP = NO;
				CURRENT_PROJECT_VERSION = 1;
				DEBUG_INFORMATION_FORMAT = dwarf;
				ENABLE_STRICT_OBJC_MSGSEND = YES;
				ENABLE_TESTABILITY = YES;
				GCC_C_LANGUAGE_STANDARD = gnu11;
				GCC_DYNAMIC_NO_PIC = NO;
				GCC_NO_COMMON_BLOCKS = YES;
				GCC_OPTIMIZATION_LEVEL = 0;
				GCC_PREPROCESSOR_DEFINITIONS = (
					"DEBUG=1",
					"$(inherited)",
				);
				GCC_WARN_64_TO_32_BIT_CONVERSION = YES;
				GCC_WARN_ABOUT_RETURN_TYPE = YES_ERROR;
				GCC_WARN_UNDECLARED_SELECTOR = YES;
				GCC_WARN_UNINITIALIZED_AUTOS = YES_AGGRESSIVE;
				GCC_WARN_UNUSED_FUNCTION = YES;
				GCC_WARN_UNUSED_VARIABLE = YES;
				IPHONEOS_DEPLOYMENT_TARGET = 11.2;
				LIBRARY_SEARCH_PATHS = (
					"$(SRCROOT)/**",
					$PROJECT_DIR/../generated/,
				);
				MTL_ENABLE_DEBUG_INFO = YES;
				ONLY_ACTIVE_ARCH = YES;
				SDKROOT = iphoneos;
				SWIFT_ACTIVE_COMPILATION_CONDITIONS = DEBUG;
				SWIFT_OPTIMIZATION_LEVEL = "-Onone";
				VERSIONING_SYSTEM = "apple-generic";
				VERSION_INFO_PREFIX = "";
			};
			name = Debug;
		};
		FC356B5B1FF702FC007A19A2 /* Release */ = {
			isa = XCBuildConfiguration;
			buildSettings = {
				ALWAYS_SEARCH_USER_PATHS = NO;
				CLANG_ALLOW_NON_MODULAR_INCLUDES_IN_FRAMEWORK_MODULES = YES;
				CLANG_ANALYZER_NONNULL = YES;
				CLANG_ANALYZER_NUMBER_OBJECT_CONVERSION = YES_AGGRESSIVE;
				CLANG_CXX_LANGUAGE_STANDARD = "gnu++14";
				CLANG_CXX_LIBRARY = "libc++";
				CLANG_ENABLE_MODULES = YES;
				CLANG_ENABLE_OBJC_ARC = YES;
				CLANG_WARN_BLOCK_CAPTURE_AUTORELEASING = YES;
				CLANG_WARN_BOOL_CONVERSION = YES;
				CLANG_WARN_COMMA = YES;
				CLANG_WARN_CONSTANT_CONVERSION = YES;
				CLANG_WARN_DIRECT_OBJC_ISA_USAGE = YES_ERROR;
				CLANG_WARN_DOCUMENTATION_COMMENTS = YES;
				CLANG_WARN_EMPTY_BODY = YES;
				CLANG_WARN_ENUM_CONVERSION = YES;
				CLANG_WARN_INFINITE_RECURSION = YES;
				CLANG_WARN_INT_CONVERSION = YES;
				CLANG_WARN_NON_LITERAL_NULL_CONVERSION = YES;
				CLANG_WARN_OBJC_LITERAL_CONVERSION = YES;
				CLANG_WARN_OBJC_ROOT_CLASS = YES_ERROR;
				CLANG_WARN_RANGE_LOOP_ANALYSIS = YES;
				CLANG_WARN_STRICT_PROTOTYPES = YES;
				CLANG_WARN_SUSPICIOUS_MOVE = YES;
				CLANG_WARN_UNGUARDED_AVAILABILITY = YES_AGGRESSIVE;
				CLANG_WARN_UNREACHABLE_CODE = YES;
				CLANG_WARN__DUPLICATE_METHOD_MATCH = YES;
				CODE_SIGN_IDENTITY = "iPhone Developer";
				COPY_PHASE_STRIP = NO;
				CURRENT_PROJECT_VERSION = 1;
				DEBUG_INFORMATION_FORMAT = "dwarf-with-dsym";
				ENABLE_NS_ASSERTIONS = NO;
				ENABLE_STRICT_OBJC_MSGSEND = YES;
				GCC_C_LANGUAGE_STANDARD = gnu11;
				GCC_NO_COMMON_BLOCKS = YES;
				GCC_WARN_64_TO_32_BIT_CONVERSION = YES;
				GCC_WARN_ABOUT_RETURN_TYPE = YES_ERROR;
				GCC_WARN_UNDECLARED_SELECTOR = YES;
				GCC_WARN_UNINITIALIZED_AUTOS = YES_AGGRESSIVE;
				GCC_WARN_UNUSED_FUNCTION = YES;
				GCC_WARN_UNUSED_VARIABLE = YES;
				IPHONEOS_DEPLOYMENT_TARGET = 11.2;
				LIBRARY_SEARCH_PATHS = (
					"$(SRCROOT)/**",
					$PROJECT_DIR/../generated/,
				);
				MTL_ENABLE_DEBUG_INFO = NO;
				SDKROOT = iphoneos;
				SWIFT_OPTIMIZATION_LEVEL = "-Owholemodule";
				VALIDATE_PRODUCT = YES;
				VERSIONING_SYSTEM = "apple-generic";
				VERSION_INFO_PREFIX = "";
			};
			name = Release;
		};
		FC356B5D1FF702FC007A19A2 /* Debug */ = {
			isa = XCBuildConfiguration;
			buildSettings = {
				CLANG_ALLOW_NON_MODULAR_INCLUDES_IN_FRAMEWORK_MODULES = YES;
				CLANG_ENABLE_MODULES = YES;
				CODE_SIGN_IDENTITY = "";
				CODE_SIGN_STYLE = Automatic;
				DEFINES_MODULE = YES;
				DYLIB_COMPATIBILITY_VERSION = 1;
				DYLIB_CURRENT_VERSION = 1;
				DYLIB_INSTALL_NAME_BASE = "@rpath";
				FRAMEWORK_SEARCH_PATHS = "$(SRCROOT)/**";
				HEADER_SEARCH_PATHS = (
					"$(SRCROOT)/**",
					"$(SRCROOT)/../../include",
				);
				INFOPLIST_FILE = LibreOfficeKitIOS/Info.plist;
				INSTALL_PATH = "$(LOCAL_LIBRARY_DIR)/Frameworks";
				LD_RUNPATH_SEARCH_PATHS = "$(inherited) @executable_path/Frameworks @loader_path/Frameworks";
				OTHER_LDFLAGS = (
					"-flto=thin",
					"-Xlinker",
					"-print_statistics",
				);
				PRODUCT_BUNDLE_IDENTIFIER = com.jani.Editors.LibreOfficeKitIOS;
				PRODUCT_NAME = "$(TARGET_NAME:c99extidentifier)";
				SKIP_INSTALL = YES;
				SWIFT_INCLUDE_PATHS = "$(SRCROOT)/**";
				SWIFT_OPTIMIZATION_LEVEL = "-Onone";
				SWIFT_VERSION = 4.0;
				TARGETED_DEVICE_FAMILY = "1,2";
				USER_HEADER_SEARCH_PATHS = "$(SRCROOT)/**";
			};
			name = Debug;
		};
		FC356B5E1FF702FC007A19A2 /* Release */ = {
			isa = XCBuildConfiguration;
			buildSettings = {
				CLANG_ALLOW_NON_MODULAR_INCLUDES_IN_FRAMEWORK_MODULES = YES;
				CLANG_ENABLE_MODULES = YES;
				CODE_SIGN_IDENTITY = "";
				CODE_SIGN_STYLE = Automatic;
				DEFINES_MODULE = YES;
				DYLIB_COMPATIBILITY_VERSION = 1;
				DYLIB_CURRENT_VERSION = 1;
				DYLIB_INSTALL_NAME_BASE = "@rpath";
				FRAMEWORK_SEARCH_PATHS = "$(SRCROOT)/**";
				HEADER_SEARCH_PATHS = (
					"$(SRCROOT)/**",
					"$(SRCROOT)/../../include",
				);
				INFOPLIST_FILE = LibreOfficeKitIOS/Info.plist;
				INSTALL_PATH = "$(LOCAL_LIBRARY_DIR)/Frameworks";
				LD_RUNPATH_SEARCH_PATHS = "$(inherited) @executable_path/Frameworks @loader_path/Frameworks";
				OTHER_LDFLAGS = (
					"-flto=thin",
					"-Xlinker",
					"-print_statistics",
				);
				PRODUCT_BUNDLE_IDENTIFIER = com.jani.Editors.LibreOfficeKitIOS;
				PRODUCT_NAME = "$(TARGET_NAME:c99extidentifier)";
				SKIP_INSTALL = YES;
				SWIFT_INCLUDE_PATHS = "$(SRCROOT)/**";
				SWIFT_VERSION = 4.0;
				TARGETED_DEVICE_FAMILY = "1,2";
				USER_HEADER_SEARCH_PATHS = "$(SRCROOT)/**";
			};
			name = Release;
		};
		FC356B601FF702FC007A19A2 /* Debug */ = {
			isa = XCBuildConfiguration;
			buildSettings = {
				ALWAYS_EMBED_SWIFT_STANDARD_LIBRARIES = YES;
				CODE_SIGN_STYLE = Automatic;
				INFOPLIST_FILE = LibreOfficeKitIOSTests/Info.plist;
				LD_RUNPATH_SEARCH_PATHS = "$(inherited) @executable_path/Frameworks @loader_path/Frameworks";
				PRODUCT_BUNDLE_IDENTIFIER = com.jani.Editors.LibreOfficeKitIOSTests;
				PRODUCT_NAME = "$(TARGET_NAME)";
				SWIFT_VERSION = 4.0;
				TARGETED_DEVICE_FAMILY = "1,2";
			};
			name = Debug;
		};
		FC356B611FF702FC007A19A2 /* Release */ = {
			isa = XCBuildConfiguration;
			buildSettings = {
				ALWAYS_EMBED_SWIFT_STANDARD_LIBRARIES = YES;
				CODE_SIGN_STYLE = Automatic;
				INFOPLIST_FILE = LibreOfficeKitIOSTests/Info.plist;
				LD_RUNPATH_SEARCH_PATHS = "$(inherited) @executable_path/Frameworks @loader_path/Frameworks";
				PRODUCT_BUNDLE_IDENTIFIER = com.jani.Editors.LibreOfficeKitIOSTests;
				PRODUCT_NAME = "$(TARGET_NAME)";
				SWIFT_VERSION = 4.0;
				TARGETED_DEVICE_FAMILY = "1,2";
			};
			name = Release;
		};
/* End XCBuildConfiguration section */

/* Begin XCConfigurationList section */
		FC356B421FF702FC007A19A2 /* Build configuration list for PBXProject "LibreOfficeKitIOS" */ = {
			isa = XCConfigurationList;
			buildConfigurations = (
				FC356B5A1FF702FC007A19A2 /* Debug */,
				FC356B5B1FF702FC007A19A2 /* Release */,
			);
			defaultConfigurationIsVisible = 0;
			defaultConfigurationName = Release;
		};
		FC356B5C1FF702FC007A19A2 /* Build configuration list for PBXNativeTarget "LibreOfficeKitIOS" */ = {
			isa = XCConfigurationList;
			buildConfigurations = (
				FC356B5D1FF702FC007A19A2 /* Debug */,
				FC356B5E1FF702FC007A19A2 /* Release */,
			);
			defaultConfigurationIsVisible = 0;
			defaultConfigurationName = Release;
		};
		FC356B5F1FF702FC007A19A2 /* Build configuration list for PBXNativeTarget "LibreOfficeKitIOSTests" */ = {
			isa = XCConfigurationList;
			buildConfigurations = (
				FC356B601FF702FC007A19A2 /* Debug */,
				FC356B611FF702FC007A19A2 /* Release */,
			);
			defaultConfigurationIsVisible = 0;
			defaultConfigurationName = Release;
		};
/* End XCConfigurationList section */
	};
	rootObject = FC356B3F1FF702FC007A19A2 /* Project object */;
}
